// !$*UTF8*$!
{
	archiveVersion = 1;
	classes = {
	};
	objectVersion = 50;
	objects = {

/* Begin PBXBuildFile section */
		C48ACE3621500EA800B345E8 /* AppDelegate.swift in Sources */ = {isa = PBXBuildFile; fileRef = C48ACE3521500EA800B345E8 /* AppDelegate.swift */; };
		C48ACE3821500EA800B345E8 /* ViewController.swift in Sources */ = {isa = PBXBuildFile; fileRef = C48ACE3721500EA800B345E8 /* ViewController.swift */; };
		C48ACE3B21500EA800B345E8 /* Main.storyboard in Resources */ = {isa = PBXBuildFile; fileRef = C48ACE3921500EA800B345E8 /* Main.storyboard */; };
		C48ACE3D21500EAA00B345E8 /* Assets.xcassets in Resources */ = {isa = PBXBuildFile; fileRef = C48ACE3C21500EAA00B345E8 /* Assets.xcassets */; };
		C48ACE4021500EAA00B345E8 /* LaunchScreen.storyboard in Resources */ = {isa = PBXBuildFile; fileRef = C48ACE3E21500EAA00B345E8 /* LaunchScreen.storyboard */; };
		C48ACE4B21500EAA00B345E8 /* HelloWorldTests.swift in Sources */ = {isa = PBXBuildFile; fileRef = C48ACE4A21500EAA00B345E8 /* HelloWorldTests.swift */; };
		C48ACE5621500EAB00B345E8 /* HelloWorldUITests.swift in Sources */ = {isa = PBXBuildFile; fileRef = C48ACE5521500EAB00B345E8 /* HelloWorldUITests.swift */; };
/* End PBXBuildFile section */

/* Begin PBXContainerItemProxy section */
		C48ACE4721500EAA00B345E8 /* PBXContainerItemProxy */ = {
			isa = PBXContainerItemProxy;
			containerPortal = C48ACE2A21500EA800B345E8 /* Project object */;
			proxyType = 1;
			remoteGlobalIDString = C48ACE3121500EA800B345E8;
			remoteInfo = HelloWorld;
		};
		C48ACE5221500EAB00B345E8 /* PBXContainerItemProxy */ = {
			isa = PBXContainerItemProxy;
			containerPortal = C48ACE2A21500EA800B345E8 /* Project object */;
			proxyType = 1;
			remoteGlobalIDString = C48ACE3121500EA800B345E8;
			remoteInfo = HelloWorld;
		};
/* End PBXContainerItemProxy section */

/* Begin PBXFileReference section */
		C48ACE3221500EA800B345E8 /* HelloWorld.app */ = {isa = PBXFileReference; explicitFileType = wrapper.application; includeInIndex = 0; path = HelloWorld.app; sourceTree = BUILT_PRODUCTS_DIR; };
		C48ACE3521500EA800B345E8 /* AppDelegate.swift */ = {isa = PBXFileReference; lastKnownFileType = sourcecode.swift; path = AppDelegate.swift; sourceTree = "<group>"; };
		C48ACE3721500EA800B345E8 /* ViewController.swift */ = {isa = PBXFileReference; lastKnownFileType = sourcecode.swift; path = ViewController.swift; sourceTree = "<group>"; };
		C48ACE3A21500EA800B345E8 /* Base */ = {isa = PBXFileReference; lastKnownFileType = file.storyboard; name = Base; path = Base.lproj/Main.storyboard; sourceTree = "<group>"; };
		C48ACE3C21500EAA00B345E8 /* Assets.xcassets */ = {isa = PBXFileReference; lastKnownFileType = folder.assetcatalog; path = Assets.xcassets; sourceTree = "<group>"; };
		C48ACE3F21500EAA00B345E8 /* Base */ = {isa = PBXFileReference; lastKnownFileType = file.storyboard; name = Base; path = Base.lproj/LaunchScreen.storyboard; sourceTree = "<group>"; };
		C48ACE4121500EAA00B345E8 /* Info.plist */ = {isa = PBXFileReference; lastKnownFileType = text.plist.xml; path = Info.plist; sourceTree = "<group>"; };
		C48ACE4621500EAA00B345E8 /* HelloWorldTests.xctest */ = {isa = PBXFileReference; explicitFileType = wrapper.cfbundle; includeInIndex = 0; path = HelloWorldTests.xctest; sourceTree = BUILT_PRODUCTS_DIR; };
		C48ACE4A21500EAA00B345E8 /* HelloWorldTests.swift */ = {isa = PBXFileReference; lastKnownFileType = sourcecode.swift; path = HelloWorldTests.swift; sourceTree = "<group>"; };
		C48ACE4C21500EAA00B345E8 /* Info.plist */ = {isa = PBXFileReference; lastKnownFileType = text.plist.xml; path = Info.plist; sourceTree = "<group>"; };
		C48ACE5121500EAB00B345E8 /* HelloWorldUITests.xctest */ = {isa = PBXFileReference; explicitFileType = wrapper.cfbundle; includeInIndex = 0; path = HelloWorldUITests.xctest; sourceTree = BUILT_PRODUCTS_DIR; };
		C48ACE5521500EAB00B345E8 /* HelloWorldUITests.swift */ = {isa = PBXFileReference; lastKnownFileType = sourcecode.swift; path = HelloWorldUITests.swift; sourceTree = "<group>"; };
		C48ACE5721500EAB00B345E8 /* Info.plist */ = {isa = PBXFileReference; lastKnownFileType = text.plist.xml; path = Info.plist; sourceTree = "<group>"; };
/* End PBXFileReference section */

/* Begin PBXFrameworksBuildPhase section */
		C48ACE2F21500EA800B345E8 /* Frameworks */ = {
			isa = PBXFrameworksBuildPhase;
			buildActionMask = 2147483647;
			files = (
			);
			runOnlyForDeploymentPostprocessing = 0;
		};
		C48ACE4321500EAA00B345E8 /* Frameworks */ = {
			isa = PBXFrameworksBuildPhase;
			buildActionMask = 2147483647;
			files = (
			);
			runOnlyForDeploymentPostprocessing = 0;
		};
		C48ACE4E21500EAB00B345E8 /* Frameworks */ = {
			isa = PBXFrameworksBuildPhase;
			buildActionMask = 2147483647;
			files = (
			);
			runOnlyForDeploymentPostprocessing = 0;
		};
/* End PBXFrameworksBuildPhase section */

/* Begin PBXGroup section */
		C48ACE2921500EA800B345E8 = {
			isa = PBXGroup;
			children = (
				C48ACE3421500EA800B345E8 /* HelloWorld */,
				C48ACE4921500EAA00B345E8 /* HelloWorldTests */,
				C48ACE5421500EAB00B345E8 /* HelloWorldUITests */,
				C48ACE3321500EA800B345E8 /* Products */,
			);
			sourceTree = "<group>";
		};
		C48ACE3321500EA800B345E8 /* Products */ = {
			isa = PBXGroup;
			children = (
				C48ACE3221500EA800B345E8 /* HelloWorld.app */,
				C48ACE4621500EAA00B345E8 /* HelloWorldTests.xctest */,
				C48ACE5121500EAB00B345E8 /* HelloWorldUITests.xctest */,
			);
			name = Products;
			sourceTree = "<group>";
		};
		C48ACE3421500EA800B345E8 /* HelloWorld */ = {
			isa = PBXGroup;
			children = (
				C48ACE3521500EA800B345E8 /* AppDelegate.swift */,
				C48ACE3721500EA800B345E8 /* ViewController.swift */,
				C48ACE3921500EA800B345E8 /* Main.storyboard */,
				C48ACE3C21500EAA00B345E8 /* Assets.xcassets */,
				C48ACE3E21500EAA00B345E8 /* LaunchScreen.storyboard */,
				C48ACE4121500EAA00B345E8 /* Info.plist */,
			);
			path = HelloWorld;
			sourceTree = "<group>";
		};
		C48ACE4921500EAA00B345E8 /* HelloWorldTests */ = {
			isa = PBXGroup;
			children = (
				C48ACE4A21500EAA00B345E8 /* HelloWorldTests.swift */,
				C48ACE4C21500EAA00B345E8 /* Info.plist */,
			);
			path = HelloWorldTests;
			sourceTree = "<group>";
		};
		C48ACE5421500EAB00B345E8 /* HelloWorldUITests */ = {
			isa = PBXGroup;
			children = (
				C48ACE5521500EAB00B345E8 /* HelloWorldUITests.swift */,
				C48ACE5721500EAB00B345E8 /* Info.plist */,
			);
			path = HelloWorldUITests;
			sourceTree = "<group>";
		};
/* End PBXGroup section */

/* Begin PBXNativeTarget section */
		C48ACE3121500EA800B345E8 /* HelloWorld */ = {
			isa = PBXNativeTarget;
			buildConfigurationList = C48ACE5A21500EAB00B345E8 /* Build configuration list for PBXNativeTarget "HelloWorld" */;
			buildPhases = (
				C48ACE2E21500EA800B345E8 /* Sources */,
				C48ACE2F21500EA800B345E8 /* Frameworks */,
				C48ACE3021500EA800B345E8 /* Resources */,
			);
			buildRules = (
			);
			dependencies = (
			);
			name = HelloWorld;
			productName = HelloWorld;
			productReference = C48ACE3221500EA800B345E8 /* HelloWorld.app */;
			productType = "com.apple.product-type.application";
		};
		C48ACE4521500EAA00B345E8 /* HelloWorldTests */ = {
			isa = PBXNativeTarget;
			buildConfigurationList = C48ACE5D21500EAB00B345E8 /* Build configuration list for PBXNativeTarget "HelloWorldTests" */;
			buildPhases = (
				C48ACE4221500EAA00B345E8 /* Sources */,
				C48ACE4321500EAA00B345E8 /* Frameworks */,
				C48ACE4421500EAA00B345E8 /* Resources */,
			);
			buildRules = (
			);
			dependencies = (
				C48ACE4821500EAA00B345E8 /* PBXTargetDependency */,
			);
			name = HelloWorldTests;
			productName = HelloWorldTests;
			productReference = C48ACE4621500EAA00B345E8 /* HelloWorldTests.xctest */;
			productType = "com.apple.product-type.bundle.unit-test";
		};
		C48ACE5021500EAB00B345E8 /* HelloWorldUITests */ = {
			isa = PBXNativeTarget;
			buildConfigurationList = C48ACE6021500EAB00B345E8 /* Build configuration list for PBXNativeTarget "HelloWorldUITests" */;
			buildPhases = (
				C48ACE4D21500EAB00B345E8 /* Sources */,
				C48ACE4E21500EAB00B345E8 /* Frameworks */,
				C48ACE4F21500EAB00B345E8 /* Resources */,
			);
			buildRules = (
			);
			dependencies = (
				C48ACE5321500EAB00B345E8 /* PBXTargetDependency */,
			);
			name = HelloWorldUITests;
			productName = HelloWorldUITests;
			productReference = C48ACE5121500EAB00B345E8 /* HelloWorldUITests.xctest */;
			productType = "com.apple.product-type.bundle.ui-testing";
		};
/* End PBXNativeTarget section */

/* Begin PBXProject section */
		C48ACE2A21500EA800B345E8 /* Project object */ = {
			isa = PBXProject;
			attributes = {
				LastSwiftUpdateCheck = 0940;
				LastUpgradeCheck = 0940;
				ORGANIZATIONNAME = "IMANOL MUNOZ";
				TargetAttributes = {
					C48ACE3121500EA800B345E8 = {
						CreatedOnToolsVersion = 9.4.1;
					};
					C48ACE4521500EAA00B345E8 = {
						CreatedOnToolsVersion = 9.4.1;
						TestTargetID = C48ACE3121500EA800B345E8;
					};
					C48ACE5021500EAB00B345E8 = {
						CreatedOnToolsVersion = 9.4.1;
						TestTargetID = C48ACE3121500EA800B345E8;
					};
				};
			};
			buildConfigurationList = C48ACE2D21500EA800B345E8 /* Build configuration list for PBXProject "HelloWorld" */;
			compatibilityVersion = "Xcode 9.3";
			developmentRegion = en;
			hasScannedForEncodings = 0;
			knownRegions = (
				en,
				Base,
			);
			mainGroup = C48ACE2921500EA800B345E8;
			productRefGroup = C48ACE3321500EA800B345E8 /* Products */;
			projectDirPath = "";
			projectRoot = "";
			targets = (
				C48ACE3121500EA800B345E8 /* HelloWorld */,
				C48ACE4521500EAA00B345E8 /* HelloWorldTests */,
				C48ACE5021500EAB00B345E8 /* HelloWorldUITests */,
			);
		};
/* End PBXProject section */

/* Begin PBXResourcesBuildPhase section */
		C48ACE3021500EA800B345E8 /* Resources */ = {
			isa = PBXResourcesBuildPhase;
			buildActionMask = 2147483647;
			files = (
				C48ACE4021500EAA00B345E8 /* LaunchScreen.storyboard in Resources */,
				C48ACE3D21500EAA00B345E8 /* Assets.xcassets in Resources */,
				C48ACE3B21500EA800B345E8 /* Main.storyboard in Resources */,
			);
			runOnlyForDeploymentPostprocessing = 0;
		};
		C48ACE4421500EAA00B345E8 /* Resources */ = {
			isa = PBXResourcesBuildPhase;
			buildActionMask = 2147483647;
			files = (
			);
			runOnlyForDeploymentPostprocessing = 0;
		};
		C48ACE4F21500EAB00B345E8 /* Resources */ = {
			isa = PBXResourcesBuildPhase;
			buildActionMask = 2147483647;
			files = (
			);
			runOnlyForDeploymentPostprocessing = 0;
		};
/* End PBXResourcesBuildPhase section */

/* Begin PBXSourcesBuildPhase section */
		C48ACE2E21500EA800B345E8 /* Sources */ = {
			isa = PBXSourcesBuildPhase;
			buildActionMask = 2147483647;
			files = (
				C48ACE3821500EA800B345E8 /* ViewController.swift in Sources */,
				C48ACE3621500EA800B345E8 /* AppDelegate.swift in Sources */,
			);
			runOnlyForDeploymentPostprocessing = 0;
		};
		C48ACE4221500EAA00B345E8 /* Sources */ = {
			isa = PBXSourcesBuildPhase;
			buildActionMask = 2147483647;
			files = (
				C48ACE4B21500EAA00B345E8 /* HelloWorldTests.swift in Sources */,
			);
			runOnlyForDeploymentPostprocessing = 0;
		};
		C48ACE4D21500EAB00B345E8 /* Sources */ = {
			isa = PBXSourcesBuildPhase;
			buildActionMask = 2147483647;
			files = (
				C48ACE5621500EAB00B345E8 /* HelloWorldUITests.swift in Sources */,
			);
			runOnlyForDeploymentPostprocessing = 0;
		};
/* End PBXSourcesBuildPhase section */

/* Begin PBXTargetDependency section */
		C48ACE4821500EAA00B345E8 /* PBXTargetDependency */ = {
			isa = PBXTargetDependency;
			target = C48ACE3121500EA800B345E8 /* HelloWorld */;
			targetProxy = C48ACE4721500EAA00B345E8 /* PBXContainerItemProxy */;
		};
		C48ACE5321500EAB00B345E8 /* PBXTargetDependency */ = {
			isa = PBXTargetDependency;
			target = C48ACE3121500EA800B345E8 /* HelloWorld */;
			targetProxy = C48ACE5221500EAB00B345E8 /* PBXContainerItemProxy */;
		};
/* End PBXTargetDependency section */

/* Begin PBXVariantGroup section */
		C48ACE3921500EA800B345E8 /* Main.storyboard */ = {
			isa = PBXVariantGroup;
			children = (
				C48ACE3A21500EA800B345E8 /* Base */,
			);
			name = Main.storyboard;
			sourceTree = "<group>";
		};
		C48ACE3E21500EAA00B345E8 /* LaunchScreen.storyboard */ = {
			isa = PBXVariantGroup;
			children = (
				C48ACE3F21500EAA00B345E8 /* Base */,
			);
			name = LaunchScreen.storyboard;
			sourceTree = "<group>";
		};
/* End PBXVariantGroup section */

/* Begin XCBuildConfiguration section */
		C48ACE5821500EAB00B345E8 /* Debug */ = {
			isa = XCBuildConfiguration;
			buildSettings = {
				ALWAYS_SEARCH_USER_PATHS = NO;
				CLANG_ANALYZER_NONNULL = YES;
				CLANG_ANALYZER_NUMBER_OBJECT_CONVERSION = YES_AGGRESSIVE;
				CLANG_CXX_LANGUAGE_STANDARD = "gnu++14";
				CLANG_CXX_LIBRARY = "libc++";
				CLANG_ENABLE_MODULES = YES;
				CLANG_ENABLE_OBJC_ARC = YES;
				CLANG_ENABLE_OBJC_WEAK = YES;
				CLANG_WARN_BLOCK_CAPTURE_AUTORELEASING = YES;
				CLANG_WARN_BOOL_CONVERSION = YES;
				CLANG_WARN_COMMA = YES;
				CLANG_WARN_CONSTANT_CONVERSION = YES;
				CLANG_WARN_DEPRECATED_OBJC_IMPLEMENTATIONS = YES;
				CLANG_WARN_DIRECT_OBJC_ISA_USAGE = YES_ERROR;
				CLANG_WARN_DOCUMENTATION_COMMENTS = YES;
				CLANG_WARN_EMPTY_BODY = YES;
				CLANG_WARN_ENUM_CONVERSION = YES;
				CLANG_WARN_INFINITE_RECURSION = YES;
				CLANG_WARN_INT_CONVERSION = YES;
				CLANG_WARN_NON_LITERAL_NULL_CONVERSION = YES;
				CLANG_WARN_OBJC_IMPLICIT_RETAIN_SELF = YES;
				CLANG_WARN_OBJC_LITERAL_CONVERSION = YES;
				CLANG_WARN_OBJC_ROOT_CLASS = YES_ERROR;
				CLANG_WARN_RANGE_LOOP_ANALYSIS = YES;
				CLANG_WARN_STRICT_PROTOTYPES = YES;
				CLANG_WARN_SUSPICIOUS_MOVE = YES;
				CLANG_WARN_UNGUARDED_AVAILABILITY = YES_AGGRESSIVE;
				CLANG_WARN_UNREACHABLE_CODE = YES;
				CLANG_WARN__DUPLICATE_METHOD_MATCH = YES;
				CODE_SIGN_IDENTITY = "iPhone Developer";
				COPY_PHASE_STRIP = NO;
				DEBUG_INFORMATION_FORMAT = dwarf;
				ENABLE_STRICT_OBJC_MSGSEND = YES;
				ENABLE_TESTABILITY = YES;
				GCC_C_LANGUAGE_STANDARD = gnu11;
				GCC_DYNAMIC_NO_PIC = NO;
				GCC_NO_COMMON_BLOCKS = YES;
				GCC_OPTIMIZATION_LEVEL = 0;
				GCC_PREPROCESSOR_DEFINITIONS = (
					"DEBUG=1",
					"$(inherited)",
				);
				GCC_WARN_64_TO_32_BIT_CONVERSION = YES;
				GCC_WARN_ABOUT_RETURN_TYPE = YES_ERROR;
				GCC_WARN_UNDECLARED_SELECTOR = YES;
				GCC_WARN_UNINITIALIZED_AUTOS = YES_AGGRESSIVE;
				GCC_WARN_UNUSED_FUNCTION = YES;
				GCC_WARN_UNUSED_VARIABLE = YES;
				IPHONEOS_DEPLOYMENT_TARGET = 11.4;
				MTL_ENABLE_DEBUG_INFO = YES;
				ONLY_ACTIVE_ARCH = YES;
				SDKROOT = iphoneos;
				SWIFT_ACTIVE_COMPILATION_CONDITIONS = DEBUG;
				SWIFT_OPTIMIZATION_LEVEL = "-Onone";
			};
			name = Debug;
		};
		C48ACE5921500EAB00B345E8 /* Release */ = {
			isa = XCBuildConfiguration;
			buildSettings = {
				ALWAYS_SEARCH_USER_PATHS = NO;
				CLANG_ANALYZER_NONNULL = YES;
				CLANG_ANALYZER_NUMBER_OBJECT_CONVERSION = YES_AGGRESSIVE;
				CLANG_CXX_LANGUAGE_STANDARD = "gnu++14";
				CLANG_CXX_LIBRARY = "libc++";
				CLANG_ENABLE_MODULES = YES;
				CLANG_ENABLE_OBJC_ARC = YES;
				CLANG_ENABLE_OBJC_WEAK = YES;
				CLANG_WARN_BLOCK_CAPTURE_AUTORELEASING = YES;
				CLANG_WARN_BOOL_CONVERSION = YES;
				CLANG_WARN_COMMA = YES;
				CLANG_WARN_CONSTANT_CONVERSION = YES;
				CLANG_WARN_DEPRECATED_OBJC_IMPLEMENTATIONS = YES;
				CLANG_WARN_DIRECT_OBJC_ISA_USAGE = YES_ERROR;
				CLANG_WARN_DOCUMENTATION_COMMENTS = YES;
				CLANG_WARN_EMPTY_BODY = YES;
				CLANG_WARN_ENUM_CONVERSION = YES;
				CLANG_WARN_INFINITE_RECURSION = YES;
				CLANG_WARN_INT_CONVERSION = YES;
				CLANG_WARN_NON_LITERAL_NULL_CONVERSION = YES;
				CLANG_WARN_OBJC_IMPLICIT_RETAIN_SELF = YES;
				CLANG_WARN_OBJC_LITERAL_CONVERSION = YES;
				CLANG_WARN_OBJC_ROOT_CLASS = YES_ERROR;
				CLANG_WARN_RANGE_LOOP_ANALYSIS = YES;
				CLANG_WARN_STRICT_PROTOTYPES = YES;
				CLANG_WARN_SUSPICIOUS_MOVE = YES;
				CLANG_WARN_UNGUARDED_AVAILABILITY = YES_AGGRESSIVE;
				CLANG_WARN_UNREACHABLE_CODE = YES;
				CLANG_WARN__DUPLICATE_METHOD_MATCH = YES;
				CODE_SIGN_IDENTITY = "iPhone Developer";
				COPY_PHASE_STRIP = NO;
				DEBUG_INFORMATION_FORMAT = "dwarf-with-dsym";
				ENABLE_NS_ASSERTIONS = NO;
				ENABLE_STRICT_OBJC_MSGSEND = YES;
				GCC_C_LANGUAGE_STANDARD = gnu11;
				GCC_NO_COMMON_BLOCKS = YES;
				GCC_WARN_64_TO_32_BIT_CONVERSION = YES;
				GCC_WARN_ABOUT_RETURN_TYPE = YES_ERROR;
				GCC_WARN_UNDECLARED_SELECTOR = YES;
				GCC_WARN_UNINITIALIZED_AUTOS = YES_AGGRESSIVE;
				GCC_WARN_UNUSED_FUNCTION = YES;
				GCC_WARN_UNUSED_VARIABLE = YES;
				IPHONEOS_DEPLOYMENT_TARGET = 11.4;
				MTL_ENABLE_DEBUG_INFO = NO;
				SDKROOT = iphoneos;
				SWIFT_COMPILATION_MODE = wholemodule;
				SWIFT_OPTIMIZATION_LEVEL = "-O";
				VALIDATE_PRODUCT = YES;
			};
			name = Release;
		};
		C48ACE5B21500EAB00B345E8 /* Debug */ = {
			isa = XCBuildConfiguration;
			buildSettings = {
				ASSETCATALOG_COMPILER_APPICON_NAME = AppIcon;
				CODE_SIGN_STYLE = Automatic;
				INFOPLIST_FILE = HelloWorld/Info.plist;
				LD_RUNPATH_SEARCH_PATHS = (
					"$(inherited)",
					"@executable_path/Frameworks",
				);
				PRODUCT_BUNDLE_IDENTIFIER = "org.116-rlas.HelloWorld";
				PRODUCT_NAME = "$(TARGET_NAME)";
				SWIFT_VERSION = 4.0;
				TARGETED_DEVICE_FAMILY = "1,2";
			};
			name = Debug;
		};
		C48ACE5C21500EAB00B345E8 /* Release */ = {
			isa = XCBuildConfiguration;
			buildSettings = {
				ASSETCATALOG_COMPILER_APPICON_NAME = AppIcon;
				CODE_SIGN_STYLE = Automatic;
				INFOPLIST_FILE = HelloWorld/Info.plist;
				LD_RUNPATH_SEARCH_PATHS = (
					"$(inherited)",
					"@executable_path/Frameworks",
				);
				PRODUCT_BUNDLE_IDENTIFIER = "org.116-rlas.HelloWorld";
				PRODUCT_NAME = "$(TARGET_NAME)";
				SWIFT_VERSION = 4.0;
				TARGETED_DEVICE_FAMILY = "1,2";
			};
			name = Release;
		};
		C48ACE5E21500EAB00B345E8 /* Debug */ = {
			isa = XCBuildConfiguration;
			buildSettings = {
				ALWAYS_EMBED_SWIFT_STANDARD_LIBRARIES = YES;
				BUNDLE_LOADER = "$(TEST_HOST)";
				CODE_SIGN_STYLE = Automatic;
				INFOPLIST_FILE = HelloWorldTests/Info.plist;
				LD_RUNPATH_SEARCH_PATHS = (
					"$(inherited)",
					"@executable_path/Frameworks",
					"@loader_path/Frameworks",
				);
				PRODUCT_BUNDLE_IDENTIFIER = "org.116-rlas.HelloWorldTests";
				PRODUCT_NAME = "$(TARGET_NAME)";
				SWIFT_VERSION = 4.0;
				TARGETED_DEVICE_FAMILY = "1,2";
				TEST_HOST = "$(BUILT_PRODUCTS_DIR)/HelloWorld.app/HelloWorld";
			};
			name = Debug;
		};
		C48ACE5F21500EAB00B345E8 /* Release */ = {
			isa = XCBuildConfiguration;
			buildSettings = {
				ALWAYS_EMBED_SWIFT_STANDARD_LIBRARIES = YES;
				BUNDLE_LOADER = "$(TEST_HOST)";
				CODE_SIGN_STYLE = Automatic;
				INFOPLIST_FILE = HelloWorldTests/Info.plist;
				LD_RUNPATH_SEARCH_PATHS = (
					"$(inherited)",
					"@executable_path/Frameworks",
					"@loader_path/Frameworks",
				);
				PRODUCT_BUNDLE_IDENTIFIER = "org.116-rlas.HelloWorldTests";
				PRODUCT_NAME = "$(TARGET_NAME)";
				SWIFT_VERSION = 4.0;
				TARGETED_DEVICE_FAMILY = "1,2";
				TEST_HOST = "$(BUILT_PRODUCTS_DIR)/HelloWorld.app/HelloWorld";
			};
			name = Release;
		};
		C48ACE6121500EAB00B345E8 /* Debug */ = {
			isa = XCBuildConfiguration;
			buildSettings = {
				ALWAYS_EMBED_SWIFT_STANDARD_LIBRARIES = YES;
				CODE_SIGN_STYLE = Automatic;
				INFOPLIST_FILE = HelloWorldUITests/Info.plist;
				LD_RUNPATH_SEARCH_PATHS = (
					"$(inherited)",
					"@executable_path/Frameworks",
					"@loader_path/Frameworks",
				);
				PRODUCT_BUNDLE_IDENTIFIER = "org.116-rlas.HelloWorldUITests";
				PRODUCT_NAME = "$(TARGET_NAME)";
				SWIFT_VERSION = 4.0;
				TARGETED_DEVICE_FAMILY = "1,2";
				TEST_TARGET_NAME = HelloWorld;
			};
			name = Debug;
		};
		C48ACE6221500EAB00B345E8 /* Release */ = {
			isa = XCBuildConfiguration;
			buildSettings = {
				ALWAYS_EMBED_SWIFT_STANDARD_LIBRARIES = YES;
				CODE_SIGN_STYLE = Automatic;
				INFOPLIST_FILE = HelloWorldUITests/Info.plist;
				LD_RUNPATH_SEARCH_PATHS = (
					"$(inherited)",
					"@executable_path/Frameworks",
					"@loader_path/Frameworks",
				);
				PRODUCT_BUNDLE_IDENTIFIER = "org.116-rlas.HelloWorldUITests";
				PRODUCT_NAME = "$(TARGET_NAME)";
				SWIFT_VERSION = 4.0;
				TARGETED_DEVICE_FAMILY = "1,2";
				TEST_TARGET_NAME = HelloWorld;
			};
			name = Release;
		};
/* End XCBuildConfiguration section */

/* Begin XCConfigurationList section */
		C48ACE2D21500EA800B345E8 /* Build configuration list for PBXProject "HelloWorld" */ = {
			isa = XCConfigurationList;
			buildConfigurations = (
				C48ACE5821500EAB00B345E8 /* Debug */,
				C48ACE5921500EAB00B345E8 /* Release */,
			);
			defaultConfigurationIsVisible = 0;
			defaultConfigurationName = Release;
		};
		C48ACE5A21500EAB00B345E8 /* Build configuration list for PBXNativeTarget "HelloWorld" */ = {
			isa = XCConfigurationList;
			buildConfigurations = (
				C48ACE5B21500EAB00B345E8 /* Debug */,
				C48ACE5C21500EAB00B345E8 /* Release */,
			);
			defaultConfigurationIsVisible = 0;
			defaultConfigurationName = Release;
		};
		C48ACE5D21500EAB00B345E8 /* Build configuration list for PBXNativeTarget "HelloWorldTests" */ = {
			isa = XCConfigurationList;
			buildConfigurations = (
				C48ACE5E21500EAB00B345E8 /* Debug */,
				C48ACE5F21500EAB00B345E8 /* Release */,
			);
			defaultConfigurationIsVisible = 0;
			defaultConfigurationName = Release;
		};
		C48ACE6021500EAB00B345E8 /* Build configuration list for PBXNativeTarget "HelloWorldUITests" */ = {
			isa = XCConfigurationList;
			buildConfigurations = (
				C48ACE6121500EAB00B345E8 /* Debug */,
				C48ACE6221500EAB00B345E8 /* Release */,
			);
			defaultConfigurationIsVisible = 0;
			defaultConfigurationName = Release;
		};
/* End XCConfigurationList section */
	};
	rootObject = C48ACE2A21500EA800B345E8 /* Project object */;
}
